
Microsoft Visual Studio Solution File, Format Version 12.00
# Visual Studio 2013
VisualStudioVersion = 12.0.30501.0
MinimumVisualStudioVersion = 10.0.40219.1
Project("{FAE04EC0-301F-11D3-BF4B-00C04F79EFBC}") = "InfiniTag", "InfiniTag.csproj", "{C125E6D1-FA94-449C-B493-38EBB9423EFC}"
EndProject
Global
	GlobalSection(SolutionConfigurationPlatforms) = preSolution
		Debug|x86 = Debug|x86
		Release|x86 = Release|x86
	EndGlobalSection
	GlobalSection(ProjectConfigurationPlatforms) = postSolution
		{C125E6D1-FA94-449C-B493-38EBB9423EFC}.Debug|x86.ActiveCfg = Debug|x86
		{C125E6D1-FA94-449C-B493-38EBB9423EFC}.Debug|x86.Build.0 = Debug|x86
		{C125E6D1-FA94-449C-B493-38EBB9423EFC}.Release|x86.ActiveCfg = Release|x86
		{C125E6D1-FA94-449C-B493-38EBB9423EFC}.Release|x86.Build.0 = Release|x86
	EndGlobalSection
	GlobalSection(SolutionProperties) = preSolution
		HideSolutionNode = FALSE
	EndGlobalSection
EndGlobal
